
Microsoft Visual Studio Solution File, Format Version 11.00
# Visual Studio 2010
Project("{8BC9CEB8-8B4A-11D0-8D11-00A0C91BC942}") = "FreshGraphicsTest", "FreshGraphicsTest.vcxproj", "{46CDF77D-509A-42AC-903F-71E191E47EFE}"
EndProject
Global
	GlobalSection(SolutionConfigurationPlatforms) = preSolution
		Debug|Win32 = Debug|Win32
		Release|Win32 = Release|Win32
	EndGlobalSection
	GlobalSection(ProjectConfigurationPlatforms) = postSolution
		{46CDF77D-509A-42AC-903F-71E191E47EFE}.Debug|Win32.ActiveCfg = Debug|Win32
		{46CDF77D-509A-42AC-903F-71E191E47EFE}.Debug|Win32.Build.0 = Debug|Win32
		{46CDF77D-509A-42AC-903F-71E191E47EFE}.Release|Win32.ActiveCfg = Release|Win32
		{46CDF77D-509A-42AC-903F-71E191E47EFE}.Release|Win32.Build.0 = Release|Win32
	EndGlobalSection
	GlobalSection(SolutionProperties) = preSolution
		HideSolutionNode = FALSE
	EndGlobalSection
EndGlobal
